// !$*UTF8*$!
{
	archiveVersion = 1;
	classes = {
	};
	objectVersion = 77;
	objects = {

/* Begin PBXContainerItemProxy section */
		F10E70A62DF4E24C0035A1A2 /* PBXContainerItemProxy */ = {
			isa = PBXContainerItemProxy;
			containerPortal = F10E70902DF4E2450035A1A2 /* Project object */;
			proxyType = 1;
			remoteGlobalIDString = F10E70972DF4E2450035A1A2;
			remoteInfo = eSwiftCommerce;
		};
		F10E70B02DF4E24C0035A1A2 /* PBXContainerItemProxy */ = {
			isa = PBXContainerItemProxy;
			containerPortal = F10E70902DF4E2450035A1A2 /* Project object */;
			proxyType = 1;
			remoteGlobalIDString = F10E70972DF4E2450035A1A2;
			remoteInfo = eSwiftCommerce;
		};
/* End PBXContainerItemProxy section */

/* Begin PBXFileReference section */
		F10E70982DF4E2450035A1A2 /* eSwiftCommerce.app */ = {isa = PBXFileReference; explicitFileType = wrapper.application; includeInIndex = 0; path = eSwiftCommerce.app; sourceTree = BUILT_PRODUCTS_DIR; };
		F10E70A52DF4E24C0035A1A2 /* eSwiftCommerceTests.xctest */ = {isa = PBXFileReference; explicitFileType = wrapper.cfbundle; includeInIndex = 0; path = eSwiftCommerceTests.xctest; sourceTree = BUILT_PRODUCTS_DIR; };
		F10E70AF2DF4E24C0035A1A2 /* eSwiftCommerceUITests.xctest */ = {isa = PBXFileReference; explicitFileType = wrapper.cfbundle; includeInIndex = 0; path = eSwiftCommerceUITests.xctest; sourceTree = BUILT_PRODUCTS_DIR; };
/* End PBXFileReference section */

/* Begin PBXFileSystemSynchronizedRootGroup section */
		F10E709A2DF4E2450035A1A2 /* eSwiftCommerce */ = {
			isa = PBXFileSystemSynchronizedRootGroup;
			path = eSwiftCommerce;
			sourceTree = "<group>";
		};
		F10E70A82DF4E24C0035A1A2 /* eSwiftCommerceTests */ = {
			isa = PBXFileSystemSynchronizedRootGroup;
			path = eSwiftCommerceTests;
			sourceTree = "<group>";
		};
/* End PBXFileSystemSynchronizedRootGroup section */

/* Begin PBXFrameworksBuildPhase section */
		F10E70952DF4E2450035A1A2 /* Frameworks */ = {
			isa = PBXFrameworksBuildPhase;
			buildActionMask = 2147483647;
			files = (
			);
			runOnlyForDeploymentPostprocessing = 0;
		};
		F10E70A22DF4E24C0035A1A2 /* Frameworks */ = {
			isa = PBXFrameworksBuildPhase;
			buildActionMask = 2147483647;
			files = (
			);
			runOnlyForDeploymentPostprocessing = 0;
		};
		F10E70AC2DF4E24C0035A1A2 /* Frameworks */ = {
			isa = PBXFrameworksBuildPhase;
			buildActionMask = 2147483647;
			files = (
			);
			runOnlyForDeploymentPostprocessing = 0;
		};
/* End PBXFrameworksBuildPhase section */

/* Begin PBXGroup section */
		F10E708F2DF4E2450035A1A2 = {
			isa = PBXGroup;
			children = (
				F10E709A2DF4E2450035A1A2 /* eSwiftCommerce */,
				F10E70A82DF4E24C0035A1A2 /* eSwiftCommerceTests */,
				F10E70992DF4E2450035A1A2 /* Products */,
			);
			sourceTree = "<group>";
		};
		F10E70992DF4E2450035A1A2 /* Products */ = {
			isa = PBXGroup;
			children = (
				F10E70982DF4E2450035A1A2 /* eSwiftCommerce.app */,
				F10E70A52DF4E24C0035A1A2 /* eSwiftCommerceTests.xctest */,
				F10E70AF2DF4E24C0035A1A2 /* eSwiftCommerceUITests.xctest */,
			);
			name = Products;
			sourceTree = "<group>";
		};
/* End PBXGroup section */

/* Begin PBXNativeTarget section */
		F10E70972DF4E2450035A1A2 /* eSwiftCommerce */ = {
			isa = PBXNativeTarget;
			buildConfigurationList = F10E70B92DF4E24C0035A1A2 /* Build configuration list for PBXNativeTarget "eSwiftCommerce" */;
			buildPhases = (
				F10E70942DF4E2450035A1A2 /* Sources */,
				F10E70952DF4E2450035A1A2 /* Frameworks */,
				F10E70962DF4E2450035A1A2 /* Resources */,
			);
			buildRules = (
			);
			dependencies = (
			);
			fileSystemSynchronizedGroups = (
				F10E709A2DF4E2450035A1A2 /* eSwiftCommerce */,
			);
			name = eSwiftCommerce;
			packageProductDependencies = (
			);
			productName = eSwiftCommerce;
			productReference = F10E70982DF4E2450035A1A2 /* eSwiftCommerce.app */;
			productType = "com.apple.product-type.application";
		};
		F10E70A42DF4E24C0035A1A2 /* eSwiftCommerceTests */ = {
			isa = PBXNativeTarget;
			buildConfigurationList = F10E70BC2DF4E24C0035A1A2 /* Build configuration list for PBXNativeTarget "eSwiftCommerceTests" */;
			buildPhases = (
				F10E70A12DF4E24C0035A1A2 /* Sources */,
				F10E70A22DF4E24C0035A1A2 /* Frameworks */,
				F10E70A32DF4E24C0035A1A2 /* Resources */,
			);
			buildRules = (
			);
			dependencies = (
				F10E70A72DF4E24C0035A1A2 /* PBXTargetDependency */,
			);
			fileSystemSynchronizedGroups = (
				F10E70A82DF4E24C0035A1A2 /* eSwiftCommerceTests */,
			);
			name = eSwiftCommerceTests;
			packageProductDependencies = (
			);
			productName = eSwiftCommerceTests;
			productReference = F10E70A52DF4E24C0035A1A2 /* eSwiftCommerceTests.xctest */;
			productType = "com.apple.product-type.bundle.unit-test";
		};
		F10E70AE2DF4E24C0035A1A2 /* eSwiftCommerceUITests */ = {
			isa = PBXNativeTarget;
			buildConfigurationList = F10E70BF2DF4E24C0035A1A2 /* Build configuration list for PBXNativeTarget "eSwiftCommerceUITests" */;
			buildPhases = (
				F10E70AB2DF4E24C0035A1A2 /* Sources */,
				F10E70AC2DF4E24C0035A1A2 /* Frameworks */,
				F10E70AD2DF4E24C0035A1A2 /* Resources */,
			);
			buildRules = (
			);
			dependencies = (
				F10E70B12DF4E24C0035A1A2 /* PBXTargetDependency */,
			);
			name = eSwiftCommerceUITests;
			packageProductDependencies = (
			);
			productName = eSwiftCommerceUITests;
			productReference = F10E70AF2DF4E24C0035A1A2 /* eSwiftCommerceUITests.xctest */;
			productType = "com.apple.product-type.bundle.ui-testing";
		};
/* End PBXNativeTarget section */

/* Begin PBXProject section */
		F10E70902DF4E2450035A1A2 /* Project object */ = {
			isa = PBXProject;
			attributes = {
				BuildIndependentTargetsInParallel = 1;
				LastSwiftUpdateCheck = 1630;
				LastUpgradeCheck = 1630;
				TargetAttributes = {
					F10E70972DF4E2450035A1A2 = {
						CreatedOnToolsVersion = 16.3;
					};
					F10E70A42DF4E24C0035A1A2 = {
						CreatedOnToolsVersion = 16.3;
						TestTargetID = F10E70972DF4E2450035A1A2;
					};
					F10E70AE2DF4E24C0035A1A2 = {
						CreatedOnToolsVersion = 16.3;
						TestTargetID = F10E70972DF4E2450035A1A2;
					};
				};
			};
			buildConfigurationList = F10E70932DF4E2450035A1A2 /* Build configuration list for PBXProject "eSwiftCommerce" */;
			developmentRegion = en;
			hasScannedForEncodings = 0;
			knownRegions = (
				en,
				Base,
			);
			mainGroup = F10E708F2DF4E2450035A1A2;
			minimizedProjectReferenceProxies = 1;
			preferredProjectObjectVersion = 77;
			productRefGroup = F10E70992DF4E2450035A1A2 /* Products */;
			projectDirPath = "";
			projectRoot = "";
			targets = (
				F10E70972DF4E2450035A1A2 /* eSwiftCommerce */,
				F10E70A42DF4E24C0035A1A2 /* eSwiftCommerceTests */,
				F10E70AE2DF4E24C0035A1A2 /* eSwiftCommerceUITests */,
			);
		};
/* End PBXProject section */

/* Begin PBXResourcesBuildPhase section */
		F10E70962DF4E2450035A1A2 /* Resources */ = {
			isa = PBXResourcesBuildPhase;
			buildActionMask = 2147483647;
			files = (
			);
			runOnlyForDeploymentPostprocessing = 0;
		};
		F10E70A32DF4E24C0035A1A2 /* Resources */ = {
			isa = PBXResourcesBuildPhase;
			buildActionMask = 2147483647;
			files = (
			);
			runOnlyForDeploymentPostprocessing = 0;
		};
		F10E70AD2DF4E24C0035A1A2 /* Resources */ = {
			isa = PBXResourcesBuildPhase;
			buildActionMask = 2147483647;
			files = (
			);
			runOnlyForDeploymentPostprocessing = 0;
		};
/* End PBXResourcesBuildPhase section */

/* Begin PBXSourcesBuildPhase section */
		F10E70942DF4E2450035A1A2 /* Sources */ = {
			isa = PBXSourcesBuildPhase;
			buildActionMask = 2147483647;
			files = (
			);
			runOnlyForDeploymentPostprocessing = 0;
		};
		F10E70A12DF4E24C0035A1A2 /* Sources */ = {
			isa = PBXSourcesBuildPhase;
			buildActionMask = 2147483647;
			files = (
			);
			runOnlyForDeploymentPostprocessing = 0;
		};
		F10E70AB2DF4E24C0035A1A2 /* Sources */ = {
			isa = PBXSourcesBuildPhase;
			buildActionMask = 2147483647;
			files = (
			);
			runOnlyForDeploymentPostprocessing = 0;
		};
/* End PBXSourcesBuildPhase section */

/* Begin PBXTargetDependency section */
		F10E70A72DF4E24C0035A1A2 /* PBXTargetDependency */ = {
			isa = PBXTargetDependency;
			target = F10E70972DF4E2450035A1A2 /* eSwiftCommerce */;
			targetProxy = F10E70A62DF4E24C0035A1A2 /* PBXContainerItemProxy */;
		};
		F10E70B12DF4E24C0035A1A2 /* PBXTargetDependency */ = {
			isa = PBXTargetDependency;
			target = F10E70972DF4E2450035A1A2 /* eSwiftCommerce */;
			targetProxy = F10E70B02DF4E24C0035A1A2 /* PBXContainerItemProxy */;
		};
/* End PBXTargetDependency section */

/* Begin XCBuildConfiguration section */
		F10E70B72DF4E24C0035A1A2 /* Debug */ = {
			isa = XCBuildConfiguration;
			buildSettings = {
				ALWAYS_SEARCH_USER_PATHS = NO;
				ASSETCATALOG_COMPILER_GENERATE_SWIFT_ASSET_SYMBOL_EXTENSIONS = YES;
				CLANG_ANALYZER_NONNULL = YES;
				CLANG_ANALYZER_NUMBER_OBJECT_CONVERSION = YES_AGGRESSIVE;
				CLANG_CXX_LANGUAGE_STANDARD = "gnu++20";
				CLANG_ENABLE_MODULES = YES;
				CLANG_ENABLE_OBJC_ARC = YES;
				CLANG_ENABLE_OBJC_WEAK = YES;
				CLANG_WARN_BLOCK_CAPTURE_AUTORELEASING = YES;
				CLANG_WARN_BOOL_CONVERSION = YES;
				CLANG_WARN_COMMA = YES;
				CLANG_WARN_CONSTANT_CONVERSION = YES;
				CLANG_WARN_DEPRECATED_OBJC_IMPLEMENTATIONS = YES;
				CLANG_WARN_DIRECT_OBJC_ISA_USAGE = YES_ERROR;
				CLANG_WARN_DOCUMENTATION_COMMENTS = YES;
				CLANG_WARN_EMPTY_BODY = YES;
				CLANG_WARN_ENUM_CONVERSION = YES;
				CLANG_WARN_INFINITE_RECURSION = YES;
				CLANG_WARN_INT_CONVERSION = YES;
				CLANG_WARN_NON_LITERAL_NULL_CONVERSION = YES;
				CLANG_WARN_OBJC_IMPLICIT_RETAIN_SELF = YES;
				CLANG_WARN_OBJC_LITERAL_CONVERSION = YES;
				CLANG_WARN_OBJC_ROOT_CLASS = YES_ERROR;
				CLANG_WARN_QUOTED_INCLUDE_IN_FRAMEWORK_HEADER = YES;
				CLANG_WARN_RANGE_LOOP_ANALYSIS = YES;
				CLANG_WARN_STRICT_PROTOTYPES = YES;
				CLANG_WARN_SUSPICIOUS_MOVE = YES;
				CLANG_WARN_UNGUARDED_AVAILABILITY = YES_AGGRESSIVE;
				CLANG_WARN_UNREACHABLE_CODE = YES;
				CLANG_WARN__DUPLICATE_METHOD_MATCH = YES;
				COPY_PHASE_STRIP = NO;
				DEBUG_INFORMATION_FORMAT = dwarf;
				ENABLE_STRICT_OBJC_MSGSEND = YES;
				ENABLE_TESTABILITY = YES;
				ENABLE_USER_SCRIPT_SANDBOXING = YES;
				GCC_C_LANGUAGE_STANDARD = gnu17;
				GCC_DYNAMIC_NO_PIC = NO;
				GCC_NO_COMMON_BLOCKS = YES;
				GCC_OPTIMIZATION_LEVEL = 0;
				GCC_PREPROCESSOR_DEFINITIONS = (
					"DEBUG=1",
					"$(inherited)",
				);
				GCC_WARN_64_TO_32_BIT_CONVERSION = YES;
				GCC_WARN_ABOUT_RETURN_TYPE = YES_ERROR;
				GCC_WARN_UNDECLARED_SELECTOR = YES;
				GCC_WARN_UNINITIALIZED_AUTOS = YES_AGGRESSIVE;
				GCC_WARN_UNUSED_FUNCTION = YES;
				GCC_WARN_UNUSED_VARIABLE = YES;
				IPHONEOS_DEPLOYMENT_TARGET = 18.4;
				LOCALIZATION_PREFERS_STRING_CATALOGS = YES;
				MTL_ENABLE_DEBUG_INFO = INCLUDE_SOURCE;
				MTL_FAST_MATH = YES;
				ONLY_ACTIVE_ARCH = YES;
				SDKROOT = iphoneos;
				SWIFT_ACTIVE_COMPILATION_CONDITIONS = "DEBUG $(inherited)";
				SWIFT_OPTIMIZATION_LEVEL = "-Onone";
			};
			name = Debug;
		};
		F10E70B82DF4E24C0035A1A2 /* Release */ = {
			isa = XCBuildConfiguration;
			buildSettings = {
				ALWAYS_SEARCH_USER_PATHS = NO;
				ASSETCATALOG_COMPILER_GENERATE_SWIFT_ASSET_SYMBOL_EXTENSIONS = YES;
				CLANG_ANALYZER_NONNULL = YES;
				CLANG_ANALYZER_NUMBER_OBJECT_CONVERSION = YES_AGGRESSIVE;
				CLANG_CXX_LANGUAGE_STANDARD = "gnu++20";
				CLANG_ENABLE_MODULES = YES;
				CLANG_ENABLE_OBJC_ARC = YES;
				CLANG_ENABLE_OBJC_WEAK = YES;
				CLANG_WARN_BLOCK_CAPTURE_AUTORELEASING = YES;
				CLANG_WARN_BOOL_CONVERSION = YES;
				CLANG_WARN_COMMA = YES;
				CLANG_WARN_CONSTANT_CONVERSION = YES;
				CLANG_WARN_DEPRECATED_OBJC_IMPLEMENTATIONS = YES;
				CLANG_WARN_DIRECT_OBJC_ISA_USAGE = YES_ERROR;
				CLANG_WARN_DOCUMENTATION_COMMENTS = YES;
				CLANG_WARN_EMPTY_BODY = YES;
				CLANG_WARN_ENUM_CONVERSION = YES;
				CLANG_WARN_INFINITE_RECURSION = YES;
				CLANG_WARN_INT_CONVERSION = YES;
				CLANG_WARN_NON_LITERAL_NULL_CONVERSION = YES;
				CLANG_WARN_OBJC_IMPLICIT_RETAIN_SELF = YES;
				CLANG_WARN_OBJC_LITERAL_CONVERSION = YES;
				CLANG_WARN_OBJC_ROOT_CLASS = YES_ERROR;
				CLANG_WARN_QUOTED_INCLUDE_IN_FRAMEWORK_HEADER = YES;
				CLANG_WARN_RANGE_LOOP_ANALYSIS = YES;
				CLANG_WARN_STRICT_PROTOTYPES = YES;
				CLANG_WARN_SUSPICIOUS_MOVE = YES;
				CLANG_WARN_UNGUARDED_AVAILABILITY = YES_AGGRESSIVE;
				CLANG_WARN_UNREACHABLE_CODE = YES;
				CLANG_WARN__DUPLICATE_METHOD_MATCH = YES;
				COPY_PHASE_STRIP = NO;
				DEBUG_INFORMATION_FORMAT = "dwarf-with-dsym";
				ENABLE_NS_ASSERTIONS = NO;
				ENABLE_STRICT_OBJC_MSGSEND = YES;
				ENABLE_USER_SCRIPT_SANDBOXING = YES;
				GCC_C_LANGUAGE_STANDARD = gnu17;
				GCC_NO_COMMON_BLOCKS = YES;
				GCC_WARN_64_TO_32_BIT_CONVERSION = YES;
				GCC_WARN_ABOUT_RETURN_TYPE = YES_ERROR;
				GCC_WARN_UNDECLARED_SELECTOR = YES;
				GCC_WARN_UNINITIALIZED_AUTOS = YES_AGGRESSIVE;
				GCC_WARN_UNUSED_FUNCTION = YES;
				GCC_WARN_UNUSED_VARIABLE = YES;
				IPHONEOS_DEPLOYMENT_TARGET = 18.4;
				LOCALIZATION_PREFERS_STRING_CATALOGS = YES;
				MTL_ENABLE_DEBUG_INFO = NO;
				MTL_FAST_MATH = YES;
				SDKROOT = iphoneos;
				SWIFT_COMPILATION_MODE = wholemodule;
				VALIDATE_PRODUCT = YES;
			};
			name = Release;
		};
		F10E70BA2DF4E24C0035A1A2 /* Debug */ = {
			isa = XCBuildConfiguration;
			buildSettings = {
				ASSETCATALOG_COMPILER_APPICON_NAME = AppIcon;
				ASSETCATALOG_COMPILER_GLOBAL_ACCENT_COLOR_NAME = AccentColor;
				CODE_SIGN_STYLE = Automatic;
				CURRENT_PROJECT_VERSION = 1;
				ENABLE_PREVIEWS = YES;
				GENERATE_INFOPLIST_FILE = YES;
				INFOPLIST_KEY_UIApplicationSceneManifest_Generation = YES;
				INFOPLIST_KEY_UIApplicationSupportsIndirectInputEvents = YES;
				INFOPLIST_KEY_UILaunchScreen_Generation = YES;
				INFOPLIST_KEY_UISupportedInterfaceOrientations_iPad = "UIInterfaceOrientationPortrait UIInterfaceOrientationPortraitUpsideDown UIInterfaceOrientationLandscapeLeft UIInterfaceOrientationLandscapeRight";
				INFOPLIST_KEY_UISupportedInterfaceOrientations_iPhone = "UIInterfaceOrientationPortrait UIInterfaceOrientationLandscapeLeft UIInterfaceOrientationLandscapeRight";
				LD_RUNPATH_SEARCH_PATHS = (
					"$(inherited)",
					"@executable_path/Frameworks",
				);
				MARKETING_VERSION = 1.0;
				PRODUCT_BUNDLE_IDENTIFIER = ben.koo.eSwiftCommerce;
				PRODUCT_NAME = "$(TARGET_NAME)";
				SWIFT_EMIT_LOC_STRINGS = YES;
				SWIFT_VERSION = 5.0;
				TARGETED_DEVICE_FAMILY = "1,2";
			};
			name = Debug;
		};
		F10E70BB2DF4E24C0035A1A2 /* Release */ = {
			isa = XCBuildConfiguration;
			buildSettings = {
				ASSETCATALOG_COMPILER_APPICON_NAME = AppIcon;
				ASSETCATALOG_COMPILER_GLOBAL_ACCENT_COLOR_NAME = AccentColor;
				CODE_SIGN_STYLE = Automatic;
				CURRENT_PROJECT_VERSION = 1;
				ENABLE_PREVIEWS = YES;
				GENERATE_INFOPLIST_FILE = YES;
				INFOPLIST_KEY_UIApplicationSceneManifest_Generation = YES;
				INFOPLIST_KEY_UIApplicationSupportsIndirectInputEvents = YES;
				INFOPLIST_KEY_UILaunchScreen_Generation = YES;
				INFOPLIST_KEY_UISupportedInterfaceOrientations_iPad = "UIInterfaceOrientationPortrait UIInterfaceOrientationPortraitUpsideDown UIInterfaceOrientationLandscapeLeft UIInterfaceOrientationLandscapeRight";
				INFOPLIST_KEY_UISupportedInterfaceOrientations_iPhone = "UIInterfaceOrientationPortrait UIInterfaceOrientationLandscapeLeft UIInterfaceOrientationLandscapeRight";
				LD_RUNPATH_SEARCH_PATHS = (
					"$(inherited)",
					"@executable_path/Frameworks",
				);
				MARKETING_VERSION = 1.0;
				PRODUCT_BUNDLE_IDENTIFIER = ben.koo.eSwiftCommerce;
				PRODUCT_NAME = "$(TARGET_NAME)";
				SWIFT_EMIT_LOC_STRINGS = YES;
				SWIFT_VERSION = 5.0;
				TARGETED_DEVICE_FAMILY = "1,2";
			};
			name = Release;
		};
		F10E70BD2DF4E24C0035A1A2 /* Debug */ = {
			isa = XCBuildConfiguration;
			buildSettings = {
				BUNDLE_LOADER = "$(TEST_HOST)";
				CODE_SIGN_STYLE = Automatic;
				CURRENT_PROJECT_VERSION = 1;
				GENERATE_INFOPLIST_FILE = YES;
				IPHONEOS_DEPLOYMENT_TARGET = 18.4;
				MARKETING_VERSION = 1.0;
				PRODUCT_BUNDLE_IDENTIFIER = ben.koo.eSwiftCommerceTests;
				PRODUCT_NAME = "$(TARGET_NAME)";
				SWIFT_EMIT_LOC_STRINGS = NO;
				SWIFT_VERSION = 5.0;
				TARGETED_DEVICE_FAMILY = "1,2";
				TEST_HOST = "$(BUILT_PRODUCTS_DIR)/eSwiftCommerce.app/$(BUNDLE_EXECUTABLE_FOLDER_PATH)/eSwiftCommerce";
			};
			name = Debug;
		};
		F10E70BE2DF4E24C0035A1A2 /* Release */ = {
			isa = XCBuildConfiguration;
			buildSettings = {
				BUNDLE_LOADER = "$(TEST_HOST)";
				CODE_SIGN_STYLE = Automatic;
				CURRENT_PROJECT_VERSION = 1;
				GENERATE_INFOPLIST_FILE = YES;
				IPHONEOS_DEPLOYMENT_TARGET = 18.4;
				MARKETING_VERSION = 1.0;
				PRODUCT_BUNDLE_IDENTIFIER = ben.koo.eSwiftCommerceTests;
				PRODUCT_NAME = "$(TARGET_NAME)";
				SWIFT_EMIT_LOC_STRINGS = NO;
				SWIFT_VERSION = 5.0;
				TARGETED_DEVICE_FAMILY = "1,2";
				TEST_HOST = "$(BUILT_PRODUCTS_DIR)/eSwiftCommerce.app/$(BUNDLE_EXECUTABLE_FOLDER_PATH)/eSwiftCommerce";
			};
			name = Release;
		};
		F10E70C02DF4E24C0035A1A2 /* Debug */ = {
			isa = XCBuildConfiguration;
			buildSettings = {
				CODE_SIGN_STYLE = Automatic;
				CURRENT_PROJECT_VERSION = 1;
				GENERATE_INFOPLIST_FILE = YES;
				MARKETING_VERSION = 1.0;
				PRODUCT_BUNDLE_IDENTIFIER = ben.koo.eSwiftCommerceUITests;
				PRODUCT_NAME = "$(TARGET_NAME)";
				SWIFT_EMIT_LOC_STRINGS = NO;
				SWIFT_VERSION = 5.0;
				TARGETED_DEVICE_FAMILY = "1,2";
				TEST_TARGET_NAME = eSwiftCommerce;
			};
			name = Debug;
		};
		F10E70C12DF4E24C0035A1A2 /* Release */ = {
			isa = XCBuildConfiguration;
			buildSettings = {
				CODE_SIGN_STYLE = Automatic;
				CURRENT_PROJECT_VERSION = 1;
				GENERATE_INFOPLIST_FILE = YES;
				MARKETING_VERSION = 1.0;
				PRODUCT_BUNDLE_IDENTIFIER = ben.koo.eSwiftCommerceUITests;
				PRODUCT_NAME = "$(TARGET_NAME)";
				SWIFT_EMIT_LOC_STRINGS = NO;
				SWIFT_VERSION = 5.0;
				TARGETED_DEVICE_FAMILY = "1,2";
				TEST_TARGET_NAME = eSwiftCommerce;
			};
			name = Release;
		};
/* End XCBuildConfiguration section */

/* Begin XCConfigurationList section */
		F10E70932DF4E2450035A1A2 /* Build configuration list for PBXProject "eSwiftCommerce" */ = {
			isa = XCConfigurationList;
			buildConfigurations = (
				F10E70B72DF4E24C0035A1A2 /* Debug */,
				F10E70B82DF4E24C0035A1A2 /* Release */,
			);
			defaultConfigurationIsVisible = 0;
			defaultConfigurationName = Release;
		};
		F10E70B92DF4E24C0035A1A2 /* Build configuration list for PBXNativeTarget "eSwiftCommerce" */ = {
			isa = XCConfigurationList;
			buildConfigurations = (
				F10E70BA2DF4E24C0035A1A2 /* Debug */,
				F10E70BB2DF4E24C0035A1A2 /* Release */,
			);
			defaultConfigurationIsVisible = 0;
			defaultConfigurationName = Release;
		};
		F10E70BC2DF4E24C0035A1A2 /* Build configuration list for PBXNativeTarget "eSwiftCommerceTests" */ = {
			isa = XCConfigurationList;
			buildConfigurations = (
				F10E70BD2DF4E24C0035A1A2 /* Debug */,
				F10E70BE2DF4E24C0035A1A2 /* Release */,
			);
			defaultConfigurationIsVisible = 0;
			defaultConfigurationName = Release;
		};
		F10E70BF2DF4E24C0035A1A2 /* Build configuration list for PBXNativeTarget "eSwiftCommerceUITests" */ = {
			isa = XCConfigurationList;
			buildConfigurations = (
				F10E70C02DF4E24C0035A1A2 /* Debug */,
				F10E70C12DF4E24C0035A1A2 /* Release */,
			);
			defaultConfigurationIsVisible = 0;
			defaultConfigurationName = Release;
		};
/* End XCConfigurationList section */
	};
	rootObject = F10E70902DF4E2450035A1A2 /* Project object */;
}
